github.com/DavidMarsanic/brightencode-appkit v0.0.0-20260916191639-9b94bd78610b h1:U0qObFoGCJbOxdhftmp/W1QaLPoWmn7MNux3NFXLr9k=
github.com/DavidMarsanic/brightencode-appkit v0.0.0-20260916191639-9b94bd78610b/go.mod h1:cN/0lUiP4Hl5mhkfMQPcEkEs5/BmsHA4OnReWJF3610=
github.com/DavidMarsanic/icon-composer v0.0.0-20260820133624-9f56f57e3f05 h1:ag/dRmG78r7Gg+VFF3p8Sh6CkTT5139zTr+pPi7tfbg=
github.com/DavidMarsanic/icon-composer v0.0.0-20260820133624-9f56f57e3f05/go.mod h1:4XfCg7fBR0vCxKlysxapl3jQK+LaX8gkV8RS4eZB8Fc=
